
Microsoft Visual Studio Solution File, Format Version 12.00
# Visual Studio Version 17
VisualStudioVersion = 17.9.34902.65
MinimumVisualStudioVersion = 10.0.40219.1
Project("{FAE04EC0-301F-11D3-BF4B-00C04F79EFBC}") = "SmartLeader.Api", "SmartLeader.Api\SmartLeader.Api.csproj", "{83998641-3BBD-40FF-8339-CF9C7FEC06EE}"
EndProject
Global
	GlobalSection(SolutionConfigurationPlatforms) = preSolution
		Debug|Any CPU = Debug|Any CPU
		Release|Any CPU = Release|Any CPU
	EndGlobalSection
	GlobalSection(ProjectConfigurationPlatforms) = postSolution
		{83998641-3BBD-40FF-8339-CF9C7FEC06EE}.Debug|Any CPU.ActiveCfg = Debug|Any CPU
		{83998641-3BBD-40FF-8339-CF9C7FEC06EE}.Debug|Any CPU.Build.0 = Debug|Any CPU
		{83998641-3BBD-40FF-8339-CF9C7FEC06EE}.Release|Any CPU.ActiveCfg = Release|Any CPU
		{83998641-3BBD-40FF-8339-CF9C7FEC06EE}.Release|Any CPU.Build.0 = Release|Any CPU
	EndGlobalSection
	GlobalSection(SolutionProperties) = preSolution
		HideSolutionNode = FALSE
	EndGlobalSection
	GlobalSection(ExtensibilityGlobals) = postSolution
		SolutionGuid = {0FC12CEE-0671-44EC-ADDE-4F5BB154A260}
	EndGlobalSection
EndGlobal
